<?xml version="1.0" encoding="utf-8"?>
<Project ToolsVersion="4.0" xmlns="http://schemas.microsoft.com/developer/msbuild/2003">
  <ItemGroup>
    <Filter Include="Source Files">
      <UniqueIdentifier>{4FC737F1-C7A5-4376-A066-2A32D752A2FF}</UniqueIdentifier>
      <Extensions>cpp;c;cc;cxx;def;odl;idl;hpj;bat;asm;asmx</Extensions>
    </Filter>
    <Filter Include="Header Files">
      <UniqueIdentifier>{93995380-89BD-4b04-88EB-625FBE52EBFB}</UniqueIdentifier>
      <Extensions>h;hpp;hxx;hm;inl;inc;xsd</Extensions>
    </Filter>
    <Filter Include="Resource Files">
      <UniqueIdentifier>{67DA6AB6-F800-4c08-8B7A-83BB121AAD01}</UniqueIdentifier>
      <Extensions>rc;ico;cur;bmp;dlg;rc2;rct;bin;rgs;gif;jpg;jpeg;jpe;resx;tiff;tif;png;wav;mfcribbon-ms</Extensions>
    </Filter>
  </ItemGroup>
  <ItemGroup>
    <None Include="ReadMe.txt" />
    <None Include="small.ico">
      <Filter>Resource Files</Filter>
    </None>
    <None Include="BaseballDraft.ico">
      <Filter>Resource Files</Filter>
    </None>
    <None Include="icon1.ico">
      <Filter>Resource Files</Filter>
    </None>
  </ItemGroup>
  <ItemGroup>
    <ClInclude Include="targetver.h">
      <Filter>Header Files</Filter>
    </ClInclude>
    <ClInclude Include="Resource.h">
      <Filter>Header Files</Filter>
    </ClInclude>
    <ClInclude Include="BaseballDraft.h">
      <Filter>Header Files</Filter>
    </ClInclude>
    <ClInclude Include="frame.h">
      <Filter>Header Files</Filter>
    </ClInclude>
    <ClInclude Include="startdialog.h">
      <Filter>Header Files</Filter>
    </ClInclude>
    <ClInclude Include="db.h">
      <Filter>Header Files</Filter>
    </ClInclude>
    <ClInclude Include="createleague.h">
      <Filter>Header Files</Filter>
    </ClInclude>
    <ClInclude Include="newleaguename.h">
      <Filter>Header Files</Filter>
    </ClInclude>
    <ClInclude Include="newleagueowners.h">
      <Filter>Header Files</Filter>
    </ClInclude>
    <ClInclude Include="newleaguepositions.h">
      <Filter>Header Files</Filter>
    </ClInclude>
    <ClInclude Include="newleagueplayers.h">
      <Filter>Header Files</Filter>
    </ClInclude>
    <ClInclude Include="newleaguescoring.h">
      <Filter>Header Files</Filter>
    </ClInclude>
    <ClInclude Include="leaguesettings.h">
      <Filter>Header Files</Filter>
    </ClInclude>
    <ClInclude Include="SQLite\sqlite3.h">
      <Filter>Header Files</Filter>
    </ClInclude>
    <ClInclude Include="SQLite\sqlite3ext.h">
      <Filter>Header Files</Filter>
    </ClInclude>
    <ClInclude Include="mainfrane.h">
      <Filter>Header Files</Filter>
    </ClInclude>
    <ClInclude Include="addnewplayer.h">
      <Filter>Header Files</Filter>
    </ClInclude>
    <ClInclude Include="dataimporter.h">
      <Filter>Header Files</Filter>
    </ClInclude>
    <ClInclude Include="gridtotalcell.h">
      <Filter>Header Files</Filter>
    </ClInclude>
    <ClInclude Include="namecompleter.h">
      <Filter>Header Files</Filter>
    </ClInclude>
    <ClInclude Include="playerspanel.h">
      <Filter>Header Files</Filter>
    </ClInclude>
    <ClInclude Include="newplayerpositions.h">
      <Filter>Header Files</Filter>
    </ClInclude>
    <ClInclude Include="teamsroster.h">
      <Filter>Header Files</Filter>
    </ClInclude>
    <ClInclude Include="teamprojections.h">
      <Filter>Header Files</Filter>
    </ClInclude>
    <ClInclude Include="draftresult.h">
      <Filter>Header Files</Filter>
    </ClInclude>
    <ClInclude Include="edittargets.h">
      <Filter>Header Files</Filter>
    </ClInclude>
    <ClInclude Include="enterstats.h">
      <Filter>Header Files</Filter>
    </ClInclude>
    <ClInclude Include="draftresultpanel.h">
      <Filter>Header Files</Filter>
    </ClInclude>
    <ClInclude Include="draftresultsalary.h">
      <Filter>Header Files</Filter>
    </ClInclude>
    <ClInclude Include="playerdraft.h">
      <Filter>Header Files</Filter>
    </ClInclude>
    <ClInclude Include="editcolumn.h">
      <Filter>Header Files</Filter>
    </ClInclude>
    <ClInclude Include="textctrl.h">
      <Filter>Header Files</Filter>
    </ClInclude>
    <ClInclude Include="playerdropped.h">
      <Filter>Header Files</Filter>
    </ClInclude>
    <ClInclude Include="mytipdialog.h">
      <Filter>Header Files</Filter>
    </ClInclude>
    <ClInclude Include="playerspanelgrid.h">
      <Filter>Header Files</Filter>
    </ClInclude>
  </ItemGroup>
  <ItemGroup>
    <ClCompile Include="BaseballDraft.cpp">
      <Filter>Source Files</Filter>
    </ClCompile>
    <ClCompile Include="frame.cpp">
      <Filter>Source Files</Filter>
    </ClCompile>
    <ClCompile Include="startdialog.cpp">
      <Filter>Source Files</Filter>
    </ClCompile>
    <ClCompile Include="db.cpp">
      <Filter>Source Files</Filter>
    </ClCompile>
    <ClCompile Include="createleague.cpp">
      <Filter>Source Files</Filter>
    </ClCompile>
    <ClCompile Include="newleaguename.cpp">
      <Filter>Source Files</Filter>
    </ClCompile>
    <ClCompile Include="newleagueowners.cpp">
      <Filter>Source Files</Filter>
    </ClCompile>
    <ClCompile Include="newleaguepositions.cpp">
      <Filter>Source Files</Filter>
    </ClCompile>
    <ClCompile Include="newleagueplayers.cpp">
      <Filter>Source Files</Filter>
    </ClCompile>
    <ClCompile Include="newleaguescoring.cpp">
      <Filter>Source Files</Filter>
    </ClCompile>
    <ClCompile Include="leaguesettings.cpp">
      <Filter>Source Files</Filter>
    </ClCompile>
    <ClCompile Include="SQLite\sqlite3.c">
      <Filter>Source Files</Filter>
    </ClCompile>
    <ClCompile Include="mainfrane.cpp">
      <Filter>Source Files</Filter>
    </ClCompile>
    <ClCompile Include="addnewplayer.cpp">
      <Filter>Source Files</Filter>
    </ClCompile>
    <ClCompile Include="dataimporter.cpp">
      <Filter>Source Files</Filter>
    </ClCompile>
    <ClCompile Include="gridtotalcell.cpp">
      <Filter>Source Files</Filter>
    </ClCompile>
    <ClCompile Include="namecompleter.cpp">
      <Filter>Source Files</Filter>
    </ClCompile>
    <ClCompile Include="playerspanel.cpp">
      <Filter>Source Files</Filter>
    </ClCompile>
    <ClCompile Include="newplayerpositions.cpp">
      <Filter>Source Files</Filter>
    </ClCompile>
    <ClCompile Include="teamsroster.cpp">
      <Filter>Source Files</Filter>
    </ClCompile>
    <ClCompile Include="teamprojections.cpp">
      <Filter>Source Files</Filter>
    </ClCompile>
    <ClCompile Include="draftresult.cpp">
      <Filter>Source Files</Filter>
    </ClCompile>
    <ClCompile Include="edittargets.cpp">
      <Filter>Source Files</Filter>
    </ClCompile>
    <ClCompile Include="enterstats.cpp">
      <Filter>Source Files</Filter>
    </ClCompile>
    <ClCompile Include="draftresultpanel.cpp">
      <Filter>Source Files</Filter>
    </ClCompile>
    <ClCompile Include="draftresultsalary.cpp">
      <Filter>Source Files</Filter>
    </ClCompile>
    <ClCompile Include="playerdraft.cpp">
      <Filter>Source Files</Filter>
    </ClCompile>
    <ClCompile Include="editcolumn.cpp">
      <Filter>Source Files</Filter>
    </ClCompile>
    <ClCompile Include="textctrl.cpp">
      <Filter>Source Files</Filter>
    </ClCompile>
    <ClCompile Include="playerdropped.cpp">
      <Filter>Source Files</Filter>
    </ClCompile>
    <ClCompile Include="mytipdialog.cpp">
      <Filter>Source Files</Filter>
    </ClCompile>
    <ClCompile Include="playerspanelgrid.cpp">
      <Filter>Source Files</Filter>
    </ClCompile>
  </ItemGroup>
  <ItemGroup>
    <ResourceCompile Include="BaseballDraft.rc">
      <Filter>Resource Files</Filter>
    </ResourceCompile>
  </ItemGroup>
</Project>